
Microsoft Visual Studio Solution File, Format Version 12.00
# Visual Studio Version 17
VisualStudioVersion = 17.14.36408.4
MinimumVisualStudioVersion = 10.0.40219.1
Project("{FAE04EC0-301F-11D3-BF4B-00C04F79EFBC}") = "renh", "renh\renh.csproj", "{6992585C-ADFB-4E19-84DE-015E4A8D3E94}"
EndProject
Project("{FAE04EC0-301F-11D3-BF4B-00C04F79EFBC}") = "fsort", "fsort\fsort.csproj", "{83330CE2-4F82-4CC9-9388-A5190A8C466E}"
EndProject
Project("{8BC9CEB8-8B4A-11D0-8D11-00A0C91BC942}") = "rh", "rh\rh.vcxproj", "{43D90AFA-756A-46EA-8C23-725E7EFB530F}"
EndProject
Project("{8BC9CEB8-8B4A-11D0-8D11-00A0C91BC942}") = "fst", "fst\fst.vcxproj", "{84332DE0-BCAB-4DB5-A48E-05482C96CB0E}"
EndProject
Project("{FAE04EC0-301F-11D3-BF4B-00C04F79EFBC}") = "webp", "..\webp\webp\webp.csproj", "{2F80F5AC-154F-5D36-50EB-A5E2E6F8B59B}"
EndProject
Project("{8BC9CEB8-8B4A-11D0-8D11-00A0C91BC942}") = "wp", "wp\wp.vcxproj", "{1EBEE2C9-AF2D-49A7-B495-47E8AE7CFDFA}"
EndProject
Global
	GlobalSection(SolutionConfigurationPlatforms) = preSolution
		Debug|Any CPU = Debug|Any CPU
		Debug|x64 = Debug|x64
		Debug|x86 = Debug|x86
		Release|Any CPU = Release|Any CPU
		Release|x64 = Release|x64
		Release|x86 = Release|x86
	EndGlobalSection
	GlobalSection(ProjectConfigurationPlatforms) = postSolution
		{6992585C-ADFB-4E19-84DE-015E4A8D3E94}.Debug|Any CPU.ActiveCfg = Debug|Any CPU
		{6992585C-ADFB-4E19-84DE-015E4A8D3E94}.Debug|Any CPU.Build.0 = Debug|Any CPU
		{6992585C-ADFB-4E19-84DE-015E4A8D3E94}.Debug|x64.ActiveCfg = Debug|Any CPU
		{6992585C-ADFB-4E19-84DE-015E4A8D3E94}.Debug|x64.Build.0 = Debug|Any CPU
		{6992585C-ADFB-4E19-84DE-015E4A8D3E94}.Debug|x86.ActiveCfg = Debug|Any CPU
		{6992585C-ADFB-4E19-84DE-015E4A8D3E94}.Debug|x86.Build.0 = Debug|Any CPU
		{6992585C-ADFB-4E19-84DE-015E4A8D3E94}.Release|Any CPU.ActiveCfg = Release|Any CPU
		{6992585C-ADFB-4E19-84DE-015E4A8D3E94}.Release|Any CPU.Build.0 = Release|Any CPU
		{6992585C-ADFB-4E19-84DE-015E4A8D3E94}.Release|x64.ActiveCfg = Release|Any CPU
		{6992585C-ADFB-4E19-84DE-015E4A8D3E94}.Release|x64.Build.0 = Release|Any CPU
		{6992585C-ADFB-4E19-84DE-015E4A8D3E94}.Release|x86.ActiveCfg = Release|Any CPU
		{6992585C-ADFB-4E19-84DE-015E4A8D3E94}.Release|x86.Build.0 = Release|Any CPU
		{83330CE2-4F82-4CC9-9388-A5190A8C466E}.Debug|Any CPU.ActiveCfg = Debug|Any CPU
		{83330CE2-4F82-4CC9-9388-A5190A8C466E}.Debug|Any CPU.Build.0 = Debug|Any CPU
		{83330CE2-4F82-4CC9-9388-A5190A8C466E}.Debug|x64.ActiveCfg = Debug|Any CPU
		{83330CE2-4F82-4CC9-9388-A5190A8C466E}.Debug|x64.Build.0 = Debug|Any CPU
		{83330CE2-4F82-4CC9-9388-A5190A8C466E}.Debug|x86.ActiveCfg = Debug|Any CPU
		{83330CE2-4F82-4CC9-9388-A5190A8C466E}.Debug|x86.Build.0 = Debug|Any CPU
		{83330CE2-4F82-4CC9-9388-A5190A8C466E}.Release|Any CPU.ActiveCfg = Release|Any CPU
		{83330CE2-4F82-4CC9-9388-A5190A8C466E}.Release|Any CPU.Build.0 = Release|Any CPU
		{83330CE2-4F82-4CC9-9388-A5190A8C466E}.Release|x64.ActiveCfg = Release|Any CPU
		{83330CE2-4F82-4CC9-9388-A5190A8C466E}.Release|x64.Build.0 = Release|Any CPU
		{83330CE2-4F82-4CC9-9388-A5190A8C466E}.Release|x86.ActiveCfg = Release|Any CPU
		{83330CE2-4F82-4CC9-9388-A5190A8C466E}.Release|x86.Build.0 = Release|Any CPU
		{43D90AFA-756A-46EA-8C23-725E7EFB530F}.Debug|Any CPU.ActiveCfg = Debug|x64
		{43D90AFA-756A-46EA-8C23-725E7EFB530F}.Debug|Any CPU.Build.0 = Debug|x64
		{43D90AFA-756A-46EA-8C23-725E7EFB530F}.Debug|x64.ActiveCfg = Debug|x64
		{43D90AFA-756A-46EA-8C23-725E7EFB530F}.Debug|x64.Build.0 = Debug|x64
		{43D90AFA-756A-46EA-8C23-725E7EFB530F}.Debug|x86.ActiveCfg = Debug|Win32
		{43D90AFA-756A-46EA-8C23-725E7EFB530F}.Debug|x86.Build.0 = Debug|Win32
		{43D90AFA-756A-46EA-8C23-725E7EFB530F}.Release|Any CPU.ActiveCfg = Release|x64
		{43D90AFA-756A-46EA-8C23-725E7EFB530F}.Release|Any CPU.Build.0 = Release|x64
		{43D90AFA-756A-46EA-8C23-725E7EFB530F}.Release|x64.ActiveCfg = Release|x64
		{43D90AFA-756A-46EA-8C23-725E7EFB530F}.Release|x64.Build.0 = Release|x64
		{43D90AFA-756A-46EA-8C23-725E7EFB530F}.Release|x86.ActiveCfg = Release|Win32
		{43D90AFA-756A-46EA-8C23-725E7EFB530F}.Release|x86.Build.0 = Release|Win32
		{84332DE0-BCAB-4DB5-A48E-05482C96CB0E}.Debug|Any CPU.ActiveCfg = Debug|x64
		{84332DE0-BCAB-4DB5-A48E-05482C96CB0E}.Debug|Any CPU.Build.0 = Debug|x64
		{84332DE0-BCAB-4DB5-A48E-05482C96CB0E}.Debug|x64.ActiveCfg = Debug|x64
		{84332DE0-BCAB-4DB5-A48E-05482C96CB0E}.Debug|x64.Build.0 = Debug|x64
		{84332DE0-BCAB-4DB5-A48E-05482C96CB0E}.Debug|x86.ActiveCfg = Debug|Win32
		{84332DE0-BCAB-4DB5-A48E-05482C96CB0E}.Debug|x86.Build.0 = Debug|Win32
		{84332DE0-BCAB-4DB5-A48E-05482C96CB0E}.Release|Any CPU.ActiveCfg = Release|x64
		{84332DE0-BCAB-4DB5-A48E-05482C96CB0E}.Release|Any CPU.Build.0 = Release|x64
		{84332DE0-BCAB-4DB5-A48E-05482C96CB0E}.Release|x64.ActiveCfg = Release|x64
		{84332DE0-BCAB-4DB5-A48E-05482C96CB0E}.Release|x64.Build.0 = Release|x64
		{84332DE0-BCAB-4DB5-A48E-05482C96CB0E}.Release|x86.ActiveCfg = Release|Win32
		{84332DE0-BCAB-4DB5-A48E-05482C96CB0E}.Release|x86.Build.0 = Release|Win32
		{2F80F5AC-154F-5D36-50EB-A5E2E6F8B59B}.Debug|Any CPU.ActiveCfg = Debug|Any CPU
		{2F80F5AC-154F-5D36-50EB-A5E2E6F8B59B}.Debug|Any CPU.Build.0 = Debug|Any CPU
		{2F80F5AC-154F-5D36-50EB-A5E2E6F8B59B}.Debug|x64.ActiveCfg = Debug|Any CPU
		{2F80F5AC-154F-5D36-50EB-A5E2E6F8B59B}.Debug|x64.Build.0 = Debug|Any CPU
		{2F80F5AC-154F-5D36-50EB-A5E2E6F8B59B}.Debug|x86.ActiveCfg = Debug|Any CPU
		{2F80F5AC-154F-5D36-50EB-A5E2E6F8B59B}.Debug|x86.Build.0 = Debug|Any CPU
		{2F80F5AC-154F-5D36-50EB-A5E2E6F8B59B}.Release|Any CPU.ActiveCfg = Release|Any CPU
		{2F80F5AC-154F-5D36-50EB-A5E2E6F8B59B}.Release|Any CPU.Build.0 = Release|Any CPU
		{2F80F5AC-154F-5D36-50EB-A5E2E6F8B59B}.Release|x64.ActiveCfg = Release|Any CPU
		{2F80F5AC-154F-5D36-50EB-A5E2E6F8B59B}.Release|x64.Build.0 = Release|Any CPU
		{2F80F5AC-154F-5D36-50EB-A5E2E6F8B59B}.Release|x86.ActiveCfg = Release|Any CPU
		{2F80F5AC-154F-5D36-50EB-A5E2E6F8B59B}.Release|x86.Build.0 = Release|Any CPU
		{1EBEE2C9-AF2D-49A7-B495-47E8AE7CFDFA}.Debug|Any CPU.ActiveCfg = Debug|x64
		{1EBEE2C9-AF2D-49A7-B495-47E8AE7CFDFA}.Debug|Any CPU.Build.0 = Debug|x64
		{1EBEE2C9-AF2D-49A7-B495-47E8AE7CFDFA}.Debug|x64.ActiveCfg = Debug|x64
		{1EBEE2C9-AF2D-49A7-B495-47E8AE7CFDFA}.Debug|x64.Build.0 = Debug|x64
		{1EBEE2C9-AF2D-49A7-B495-47E8AE7CFDFA}.Debug|x86.ActiveCfg = Debug|Win32
		{1EBEE2C9-AF2D-49A7-B495-47E8AE7CFDFA}.Debug|x86.Build.0 = Debug|Win32
		{1EBEE2C9-AF2D-49A7-B495-47E8AE7CFDFA}.Release|Any CPU.ActiveCfg = Release|x64
		{1EBEE2C9-AF2D-49A7-B495-47E8AE7CFDFA}.Release|Any CPU.Build.0 = Release|x64
		{1EBEE2C9-AF2D-49A7-B495-47E8AE7CFDFA}.Release|x64.ActiveCfg = Release|x64
		{1EBEE2C9-AF2D-49A7-B495-47E8AE7CFDFA}.Release|x64.Build.0 = Release|x64
		{1EBEE2C9-AF2D-49A7-B495-47E8AE7CFDFA}.Release|x86.ActiveCfg = Release|Win32
		{1EBEE2C9-AF2D-49A7-B495-47E8AE7CFDFA}.Release|x86.Build.0 = Release|Win32
	EndGlobalSection
	GlobalSection(SolutionProperties) = preSolution
		HideSolutionNode = FALSE
	EndGlobalSection
	GlobalSection(ExtensibilityGlobals) = postSolution
		SolutionGuid = {1B772F3D-41AB-4FA8-BDC5-26658450D11E}
	EndGlobalSection
EndGlobal
